PODS:
  - GoogleMaps (4.0.0):
    - GoogleMaps/Maps (= 4.0.0)
  - GoogleMaps/Base (4.0.0)
  - GoogleMaps/Maps (4.0.0):
    - GoogleMaps/Base
  - GooglePlaces (4.0.0):
    - GoogleMaps/Base (= 4.0.0)
  - ReSwift (6.0.0)

DEPENDENCIES:
  - GoogleMaps
  - GooglePlaces
  - ReSwift

SPEC REPOS:
  trunk:
    - GoogleMaps
    - GooglePlaces
    - ReSwift

SPEC CHECKSUMS:
  GoogleMaps: b7f7fc569a9b354a3af0d9729dbec40957b7d41e
  GooglePlaces: ca8d4aba09ba79e0a829cf1dca03a41de6a09016
  ReSwift: 14e6f9409fe6bdc635e588208296a01f43b959c9

PODFILE CHECKSUM: 080dd92369e94886a3a83146ed3ab23f16e56003

COCOAPODS: 1.10.0
